// !$*UTF8*$!
{
	archiveVersion = 1;
	classes = {
	};
	objectVersion = 46;
	objects = {

/* Begin PBXBuildFile section */
		C110F25E1AC0F19C00B4E355 /* Images.xcassets in Resources */ = {isa = PBXBuildFile; fileRef = C12F07871ABF88FD0039EA89 /* Images.xcassets */; };
		C110F2981AC12F4000B4E355 /* InfoPlist.strings in Resources */ = {isa = PBXBuildFile; fileRef = C110F2601AC12F4000B4E355 /* InfoPlist.strings */; };
		C110F2991AC12F4000B4E355 /* InfoPlist.strings in Resources */ = {isa = PBXBuildFile; fileRef = C110F2601AC12F4000B4E355 /* InfoPlist.strings */; };
		C110F29A1AC12F4000B4E355 /* pop-Info.plist in Resources */ = {isa = PBXBuildFile; fileRef = C110F2621AC12F4000B4E355 /* pop-Info.plist */; };
		C110F29B1AC12F4000B4E355 /* pop-Info.plist in Resources */ = {isa = PBXBuildFile; fileRef = C110F2621AC12F4000B4E355 /* pop-Info.plist */; };
		C110F29C1AC12F4000B4E355 /* POPAnimatableProperty.mm in Sources */ = {isa = PBXBuildFile; fileRef = C110F2671AC12F4000B4E355 /* POPAnimatableProperty.mm */; };
		C110F29D1AC12F4000B4E355 /* POPAnimatableProperty.mm in Sources */ = {isa = PBXBuildFile; fileRef = C110F2671AC12F4000B4E355 /* POPAnimatableProperty.mm */; };
		C110F29E1AC12F4000B4E355 /* POPAnimation.mm in Sources */ = {isa = PBXBuildFile; fileRef = C110F2691AC12F4000B4E355 /* POPAnimation.mm */; };
		C110F29F1AC12F4000B4E355 /* POPAnimation.mm in Sources */ = {isa = PBXBuildFile; fileRef = C110F2691AC12F4000B4E355 /* POPAnimation.mm */; };
		C110F2A01AC12F4000B4E355 /* POPAnimationEvent.mm in Sources */ = {isa = PBXBuildFile; fileRef = C110F26B1AC12F4000B4E355 /* POPAnimationEvent.mm */; };
		C110F2A11AC12F4000B4E355 /* POPAnimationEvent.mm in Sources */ = {isa = PBXBuildFile; fileRef = C110F26B1AC12F4000B4E355 /* POPAnimationEvent.mm */; };
		C110F2A21AC12F4000B4E355 /* POPAnimationExtras.mm in Sources */ = {isa = PBXBuildFile; fileRef = C110F26E1AC12F4000B4E355 /* POPAnimationExtras.mm */; };
		C110F2A31AC12F4000B4E355 /* POPAnimationExtras.mm in Sources */ = {isa = PBXBuildFile; fileRef = C110F26E1AC12F4000B4E355 /* POPAnimationExtras.mm */; };
		C110F2A41AC12F4000B4E355 /* POPAnimationRuntime.mm in Sources */ = {isa = PBXBuildFile; fileRef = C110F2721AC12F4000B4E355 /* POPAnimationRuntime.mm */; };
		C110F2A51AC12F4000B4E355 /* POPAnimationRuntime.mm in Sources */ = {isa = PBXBuildFile; fileRef = C110F2721AC12F4000B4E355 /* POPAnimationRuntime.mm */; };
		C110F2A61AC12F4000B4E355 /* POPAnimationTracer.mm in Sources */ = {isa = PBXBuildFile; fileRef = C110F2741AC12F4000B4E355 /* POPAnimationTracer.mm */; };
		C110F2A71AC12F4000B4E355 /* POPAnimationTracer.mm in Sources */ = {isa = PBXBuildFile; fileRef = C110F2741AC12F4000B4E355 /* POPAnimationTracer.mm */; };
		C110F2A81AC12F4000B4E355 /* POPAnimator.mm in Sources */ = {isa = PBXBuildFile; fileRef = C110F2771AC12F4000B4E355 /* POPAnimator.mm */; };
		C110F2A91AC12F4000B4E355 /* POPAnimator.mm in Sources */ = {isa = PBXBuildFile; fileRef = C110F2771AC12F4000B4E355 /* POPAnimator.mm */; };
		C110F2AA1AC12F4000B4E355 /* POPBasicAnimation.mm in Sources */ = {isa = PBXBuildFile; fileRef = C110F27A1AC12F4000B4E355 /* POPBasicAnimation.mm */; };
		C110F2AB1AC12F4000B4E355 /* POPBasicAnimation.mm in Sources */ = {isa = PBXBuildFile; fileRef = C110F27A1AC12F4000B4E355 /* POPBasicAnimation.mm */; };
		C110F2AC1AC12F4000B4E355 /* POPCGUtils.mm in Sources */ = {isa = PBXBuildFile; fileRef = C110F27D1AC12F4000B4E355 /* POPCGUtils.mm */; };
		C110F2AD1AC12F4000B4E355 /* POPCGUtils.mm in Sources */ = {isa = PBXBuildFile; fileRef = C110F27D1AC12F4000B4E355 /* POPCGUtils.mm */; };
		C110F2AE1AC12F4000B4E355 /* POPCustomAnimation.mm in Sources */ = {isa = PBXBuildFile; fileRef = C110F27F1AC12F4000B4E355 /* POPCustomAnimation.mm */; };
		C110F2AF1AC12F4000B4E355 /* POPCustomAnimation.mm in Sources */ = {isa = PBXBuildFile; fileRef = C110F27F1AC12F4000B4E355 /* POPCustomAnimation.mm */; };
		C110F2B01AC12F4000B4E355 /* POPDecayAnimation.mm in Sources */ = {isa = PBXBuildFile; fileRef = C110F2811AC12F4000B4E355 /* POPDecayAnimation.mm */; };
		C110F2B11AC12F4000B4E355 /* POPDecayAnimation.mm in Sources */ = {isa = PBXBuildFile; fileRef = C110F2811AC12F4000B4E355 /* POPDecayAnimation.mm */; };
		C110F2B21AC12F4000B4E355 /* POPGeometry.mm in Sources */ = {isa = PBXBuildFile; fileRef = C110F2851AC12F4000B4E355 /* POPGeometry.mm */; };
		C110F2B31AC12F4000B4E355 /* POPGeometry.mm in Sources */ = {isa = PBXBuildFile; fileRef = C110F2851AC12F4000B4E355 /* POPGeometry.mm */; };
		C110F2B41AC12F4000B4E355 /* POPLayerExtras.mm in Sources */ = {isa = PBXBuildFile; fileRef = C110F2871AC12F4000B4E355 /* POPLayerExtras.mm */; };
		C110F2B51AC12F4000B4E355 /* POPLayerExtras.mm in Sources */ = {isa = PBXBuildFile; fileRef = C110F2871AC12F4000B4E355 /* POPLayerExtras.mm */; };
		C110F2B61AC12F4000B4E355 /* POPMath.mm in Sources */ = {isa = PBXBuildFile; fileRef = C110F2891AC12F4000B4E355 /* POPMath.mm */; };
		C110F2B71AC12F4000B4E355 /* POPMath.mm in Sources */ = {isa = PBXBuildFile; fileRef = C110F2891AC12F4000B4E355 /* POPMath.mm */; };
		C110F2B81AC12F4000B4E355 /* POPPropertyAnimation.mm in Sources */ = {isa = PBXBuildFile; fileRef = C110F28B1AC12F4000B4E355 /* POPPropertyAnimation.mm */; };
		C110F2B91AC12F4000B4E355 /* POPPropertyAnimation.mm in Sources */ = {isa = PBXBuildFile; fileRef = C110F28B1AC12F4000B4E355 /* POPPropertyAnimation.mm */; };
		C110F2BA1AC12F4000B4E355 /* POPSpringAnimation.mm in Sources */ = {isa = PBXBuildFile; fileRef = C110F28E1AC12F4000B4E355 /* POPSpringAnimation.mm */; };
		C110F2BB1AC12F4000B4E355 /* POPSpringAnimation.mm in Sources */ = {isa = PBXBuildFile; fileRef = C110F28E1AC12F4000B4E355 /* POPSpringAnimation.mm */; };
		C110F2BC1AC12F4000B4E355 /* POPVector.mm in Sources */ = {isa = PBXBuildFile; fileRef = C110F2921AC12F4000B4E355 /* POPVector.mm */; };
		C110F2BD1AC12F4000B4E355 /* POPVector.mm in Sources */ = {isa = PBXBuildFile; fileRef = C110F2921AC12F4000B4E355 /* POPVector.mm */; };
		C110F2BE1AC12F4000B4E355 /* TransformationMatrix.cpp in Sources */ = {isa = PBXBuildFile; fileRef = C110F2951AC12F4000B4E355 /* TransformationMatrix.cpp */; };
		C110F2BF1AC12F4000B4E355 /* TransformationMatrix.cpp in Sources */ = {isa = PBXBuildFile; fileRef = C110F2951AC12F4000B4E355 /* TransformationMatrix.cpp */; };
		C110F2C71AC130AA00B4E355 /* PopAnimationClearButton.m in Sources */ = {isa = PBXBuildFile; fileRef = C110F2C61AC130AA00B4E355 /* PopAnimationClearButton.m */; };
		C110F2C81AC130AA00B4E355 /* PopAnimationClearButton.m in Sources */ = {isa = PBXBuildFile; fileRef = C110F2C61AC130AA00B4E355 /* PopAnimationClearButton.m */; };
		C110F2CC1AC233DE00B4E355 /* UIImage+ChangeColor.m in Sources */ = {isa = PBXBuildFile; fileRef = C110F2CB1AC233DE00B4E355 /* UIImage+ChangeColor.m */; };
		C110F2CD1AC233DE00B4E355 /* UIImage+ChangeColor.m in Sources */ = {isa = PBXBuildFile; fileRef = C110F2CB1AC233DE00B4E355 /* UIImage+ChangeColor.m */; };
		C12F077A1ABF88FD0039EA89 /* main.m in Sources */ = {isa = PBXBuildFile; fileRef = C12F07791ABF88FD0039EA89 /* main.m */; };
		C12F077D1ABF88FD0039EA89 /* AppDelegate.m in Sources */ = {isa = PBXBuildFile; fileRef = C12F077C1ABF88FD0039EA89 /* AppDelegate.m */; };
		C12F07801ABF88FD0039EA89 /* ReadToMe.xcdatamodeld in Sources */ = {isa = PBXBuildFile; fileRef = C12F077E1ABF88FD0039EA89 /* ReadToMe.xcdatamodeld */; };
		C12F07831ABF88FD0039EA89 /* ContainerViewController.m in Sources */ = {isa = PBXBuildFile; fileRef = C12F07821ABF88FD0039EA89 /* ContainerViewController.m */; };
		C12F07861ABF88FD0039EA89 /* Main.storyboard in Resources */ = {isa = PBXBuildFile; fileRef = C12F07841ABF88FD0039EA89 /* Main.storyboard */; };
		C12F07881ABF88FD0039EA89 /* Images.xcassets in Resources */ = {isa = PBXBuildFile; fileRef = C12F07871ABF88FD0039EA89 /* Images.xcassets */; };
		C12F078B1ABF88FD0039EA89 /* LaunchScreen.xib in Resources */ = {isa = PBXBuildFile; fileRef = C12F07891ABF88FD0039EA89 /* LaunchScreen.xib */; };
		C12F07971ABF88FD0039EA89 /* ReadToMeTests.m in Sources */ = {isa = PBXBuildFile; fileRef = C12F07961ABF88FD0039EA89 /* ReadToMeTests.m */; };
		C12F07AA1ABFB00A0039EA89 /* ActionViewController.m in Sources */ = {isa = PBXBuildFile; fileRef = C12F07A91ABFB00A0039EA89 /* ActionViewController.m */; };
		C12F07AC1ABFB00A0039EA89 /* MainInterface.storyboard in Resources */ = {isa = PBXBuildFile; fileRef = C12F07AB1ABFB00A0039EA89 /* MainInterface.storyboard */; };
		C12F07AF1ABFB00A0039EA89 /* ReadToMeAction.appex in Embed App Extensions */ = {isa = PBXBuildFile; fileRef = C12F07A41ABFB00A0039EA89 /* ReadToMeAction.appex */; settings = {ATTRIBUTES = (RemoveHeadersOnCopy, ); }; };
		C16754991AC3A81E009F4D88 /* PopView.m in Sources */ = {isa = PBXBuildFile; fileRef = C16754971AC3A81E009F4D88 /* PopView.m */; };
		C167549A1AC3A81E009F4D88 /* PopView.m in Sources */ = {isa = PBXBuildFile; fileRef = C16754971AC3A81E009F4D88 /* PopView.m */; };
		C167549D1AC4EDDD009F4D88 /* LanguagePickerViewController.m in Sources */ = {isa = PBXBuildFile; fileRef = C167549C1AC4EDDD009F4D88 /* LanguagePickerViewController.m */; };
		C167549E1AC4EDDD009F4D88 /* LanguagePickerViewController.m in Sources */ = {isa = PBXBuildFile; fileRef = C167549C1AC4EDDD009F4D88 /* LanguagePickerViewController.m */; };
		C16754A11AC6AC33009F4D88 /* ListViewController.m in Sources */ = {isa = PBXBuildFile; fileRef = C16754A01AC6AC33009F4D88 /* ListViewController.m */; };
		C16754A21AC6AC33009F4D88 /* ListViewController.m in Sources */ = {isa = PBXBuildFile; fileRef = C16754A01AC6AC33009F4D88 /* ListViewController.m */; };
		C1FB14E01AC29B5700F24030 /* SettingsViewController.m in Sources */ = {isa = PBXBuildFile; fileRef = C1FB14DF1AC29B5700F24030 /* SettingsViewController.m */; };
		C1FB14E11AC29B5700F24030 /* SettingsViewController.m in Sources */ = {isa = PBXBuildFile; fileRef = C1FB14DF1AC29B5700F24030 /* SettingsViewController.m */; };
		C1FB14E41AC2AFD800F24030 /* PopAnimationImageView.m in Sources */ = {isa = PBXBuildFile; fileRef = C1FB14E31AC2AFD800F24030 /* PopAnimationImageView.m */; };
		C1FB14E51AC2AFD800F24030 /* PopAnimationImageView.m in Sources */ = {isa = PBXBuildFile; fileRef = C1FB14E31AC2AFD800F24030 /* PopAnimationImageView.m */; };
/* End PBXBuildFile section */

/* Begin PBXContainerItemProxy section */
		C12F07911ABF88FD0039EA89 /* PBXContainerItemProxy */ = {
			isa = PBXContainerItemProxy;
			containerPortal = C12F076C1ABF88FD0039EA89 /* Project object */;
			proxyType = 1;
			remoteGlobalIDString = C12F07731ABF88FD0039EA89;
			remoteInfo = ReadToMe;
		};
		C12F07AD1ABFB00A0039EA89 /* PBXContainerItemProxy */ = {
			isa = PBXContainerItemProxy;
			containerPortal = C12F076C1ABF88FD0039EA89 /* Project object */;
			proxyType = 1;
			remoteGlobalIDString = C12F07A31ABFB00A0039EA89;
			remoteInfo = ReadToMeAction;
		};
/* End PBXContainerItemProxy section */

/* Begin PBXCopyFilesBuildPhase section */
		C12F07B31ABFB00A0039EA89 /* Embed App Extensions */ = {
			isa = PBXCopyFilesBuildPhase;
			buildActionMask = 2147483647;
			dstPath = "";
			dstSubfolderSpec = 13;
			files = (
				C12F07AF1ABFB00A0039EA89 /* ReadToMeAction.appex in Embed App Extensions */,
			);
			name = "Embed App Extensions";
			runOnlyForDeploymentPostprocessing = 0;
		};
/* End PBXCopyFilesBuildPhase section */

/* Begin PBXFileReference section */
		C110F2611AC12F4000B4E355 /* en */ = {isa = PBXFileReference; lastKnownFileType = text.plist.strings; name = en; path = en.lproj/InfoPlist.strings; sourceTree = "<group>"; };
		C110F2621AC12F4000B4E355 /* pop-Info.plist */ = {isa = PBXFileReference; fileEncoding = 4; lastKnownFileType = text.plist.xml; path = "pop-Info.plist"; sourceTree = "<group>"; };
		C110F2631AC12F4000B4E355 /* pop-Prefix.pch */ = {isa = PBXFileReference; fileEncoding = 4; lastKnownFileType = sourcecode.c.h; path = "pop-Prefix.pch"; sourceTree = "<group>"; };
		C110F2641AC12F4000B4E355 /* POP.h */ = {isa = PBXFileReference; fileEncoding = 4; lastKnownFileType = sourcecode.c.h; path = POP.h; sourceTree = "<group>"; };
		C110F2651AC12F4000B4E355 /* POPAction.h */ = {isa = PBXFileReference; fileEncoding = 4; lastKnownFileType = sourcecode.c.h; path = POPAction.h; sourceTree = "<group>"; };
		C110F2661AC12F4000B4E355 /* POPAnimatableProperty.h */ = {isa = PBXFileReference; fileEncoding = 4; lastKnownFileType = sourcecode.c.h; path = POPAnimatableProperty.h; sourceTree = "<group>"; };
		C110F2671AC12F4000B4E355 /* POPAnimatableProperty.mm */ = {isa = PBXFileReference; fileEncoding = 4; lastKnownFileType = sourcecode.cpp.objcpp; path = POPAnimatableProperty.mm; sourceTree = "<group>"; };
		C110F2681AC12F4000B4E355 /* POPAnimation.h */ = {isa = PBXFileReference; fileEncoding = 4; lastKnownFileType = sourcecode.c.h; path = POPAnimation.h; sourceTree = "<group>"; };
		C110F2691AC12F4000B4E355 /* POPAnimation.mm */ = {isa = PBXFileReference; fileEncoding = 4; lastKnownFileType = sourcecode.cpp.objcpp; path = POPAnimation.mm; sourceTree = "<group>"; };
		C110F26A1AC12F4000B4E355 /* POPAnimationEvent.h */ = {isa = PBXFileReference; fileEncoding = 4; lastKnownFileType = sourcecode.c.h; path = POPAnimationEvent.h; sourceTree = "<group>"; };
		C110F26B1AC12F4000B4E355 /* POPAnimationEvent.mm */ = {isa = PBXFileReference; fileEncoding = 4; lastKnownFileType = sourcecode.cpp.objcpp; path = POPAnimationEvent.mm; sourceTree = "<group>"; };
		C110F26C1AC12F4000B4E355 /* POPAnimationEventInternal.h */ = {isa = PBXFileReference; fileEncoding = 4; lastKnownFileType = sourcecode.c.h; path = POPAnimationEventInternal.h; sourceTree = "<group>"; };
		C110F26D1AC12F4000B4E355 /* POPAnimationExtras.h */ = {isa = PBXFileReference; fileEncoding = 4; lastKnownFileType = sourcecode.c.h; path = POPAnimationExtras.h; sourceTree = "<group>"; };
		C110F26E1AC12F4000B4E355 /* POPAnimationExtras.mm */ = {isa = PBXFileReference; fileEncoding = 4; lastKnownFileType = sourcecode.cpp.objcpp; path = POPAnimationExtras.mm; sourceTree = "<group>"; };
		C110F26F1AC12F4000B4E355 /* POPAnimationInternal.h */ = {isa = PBXFileReference; fileEncoding = 4; lastKnownFileType = sourcecode.c.h; path = POPAnimationInternal.h; sourceTree = "<group>"; };
		C110F2701AC12F4000B4E355 /* POPAnimationPrivate.h */ = {isa = PBXFileReference; fileEncoding = 4; lastKnownFileType = sourcecode.c.h; path = POPAnimationPrivate.h; sourceTree = "<group>"; };
		C110F2711AC12F4000B4E355 /* POPAnimationRuntime.h */ = {isa = PBXFileReference; fileEncoding = 4; lastKnownFileType = sourcecode.c.h; path = POPAnimationRuntime.h; sourceTree = "<group>"; };
		C110F2721AC12F4000B4E355 /* POPAnimationRuntime.mm */ = {isa = PBXFileReference; fileEncoding = 4; lastKnownFileType = sourcecode.cpp.objcpp; path = POPAnimationRuntime.mm; sourceTree = "<group>"; };
		C110F2731AC12F4000B4E355 /* POPAnimationTracer.h */ = {isa = PBXFileReference; fileEncoding = 4; lastKnownFileType = sourcecode.c.h; path = POPAnimationTracer.h; sourceTree = "<group>"; };
		C110F2741AC12F4000B4E355 /* POPAnimationTracer.mm */ = {isa = PBXFileReference; fileEncoding = 4; lastKnownFileType = sourcecode.cpp.objcpp; path = POPAnimationTracer.mm; sourceTree = "<group>"; };
		C110F2751AC12F4000B4E355 /* POPAnimationTracerInternal.h */ = {isa = PBXFileReference; fileEncoding = 4; lastKnownFileType = sourcecode.c.h; path = POPAnimationTracerInternal.h; sourceTree = "<group>"; };
		C110F2761AC12F4000B4E355 /* POPAnimator.h */ = {isa = PBXFileReference; fileEncoding = 4; lastKnownFileType = sourcecode.c.h; path = POPAnimator.h; sourceTree = "<group>"; };
		C110F2771AC12F4000B4E355 /* POPAnimator.mm */ = {isa = PBXFileReference; fileEncoding = 4; lastKnownFileType = sourcecode.cpp.objcpp; path = POPAnimator.mm; sourceTree = "<group>"; };
		C110F2781AC12F4000B4E355 /* POPAnimatorPrivate.h */ = {isa = PBXFileReference; fileEncoding = 4; lastKnownFileType = sourcecode.c.h; path = POPAnimatorPrivate.h; sourceTree = "<group>"; };
		C110F2791AC12F4000B4E355 /* POPBasicAnimation.h */ = {isa = PBXFileReference; fileEncoding = 4; lastKnownFileType = sourcecode.c.h; path = POPBasicAnimation.h; sourceTree = "<group>"; };
		C110F27A1AC12F4000B4E355 /* POPBasicAnimation.mm */ = {isa = PBXFileReference; fileEncoding = 4; lastKnownFileType = sourcecode.cpp.objcpp; path = POPBasicAnimation.mm; sourceTree = "<group>"; };
		C110F27B1AC12F4000B4E355 /* POPBasicAnimationInternal.h */ = {isa = PBXFileReference; fileEncoding = 4; lastKnownFileType = sourcecode.c.h; path = POPBasicAnimationInternal.h; sourceTree = "<group>"; };
		C110F27C1AC12F4000B4E355 /* POPCGUtils.h */ = {isa = PBXFileReference; fileEncoding = 4; lastKnownFileType = sourcecode.c.h; path = POPCGUtils.h; sourceTree = "<group>"; };
		C110F27D1AC12F4000B4E355 /* POPCGUtils.mm */ = {isa = PBXFileReference; fileEncoding = 4; lastKnownFileType = sourcecode.cpp.objcpp; path = POPCGUtils.mm; sourceTree = "<group>"; };
		C110F27E1AC12F4000B4E355 /* POPCustomAnimation.h */ = {isa = PBXFileReference; fileEncoding = 4; lastKnownFileType = sourcecode.c.h; path = POPCustomAnimation.h; sourceTree = "<group>"; };
		C110F27F1AC12F4000B4E355 /* POPCustomAnimation.mm */ = {isa = PBXFileReference; fileEncoding = 4; lastKnownFileType = sourcecode.cpp.objcpp; path = POPCustomAnimation.mm; sourceTree = "<group>"; };
		C110F2801AC12F4000B4E355 /* POPDecayAnimation.h */ = {isa = PBXFileReference; fileEncoding = 4; lastKnownFileType = sourcecode.c.h; path = POPDecayAnimation.h; sourceTree = "<group>"; };
		C110F2811AC12F4000B4E355 /* POPDecayAnimation.mm */ = {isa = PBXFileReference; fileEncoding = 4; lastKnownFileType = sourcecode.cpp.objcpp; path = POPDecayAnimation.mm; sourceTree = "<group>"; };
		C110F2821AC12F4000B4E355 /* POPDecayAnimationInternal.h */ = {isa = PBXFileReference; fileEncoding = 4; lastKnownFileType = sourcecode.c.h; path = POPDecayAnimationInternal.h; sourceTree = "<group>"; };
		C110F2831AC12F4000B4E355 /* POPDefines.h */ = {isa = PBXFileReference; fileEncoding = 4; lastKnownFileType = sourcecode.c.h; path = POPDefines.h; sourceTree = "<group>"; };
		C110F2841AC12F4000B4E355 /* POPGeometry.h */ = {isa = PBXFileReference; fileEncoding = 4; lastKnownFileType = sourcecode.c.h; path = POPGeometry.h; sourceTree = "<group>"; };
		C110F2851AC12F4000B4E355 /* POPGeometry.mm */ = {isa = PBXFileReference; fileEncoding = 4; lastKnownFileType = sourcecode.cpp.objcpp; path = POPGeometry.mm; sourceTree = "<group>"; };
		C110F2861AC12F4000B4E355 /* POPLayerExtras.h */ = {isa = PBXFileReference; fileEncoding = 4; lastKnownFileType = sourcecode.c.h; path = POPLayerExtras.h; sourceTree = "<group>"; };
		C110F2871AC12F4000B4E355 /* POPLayerExtras.mm */ = {isa = PBXFileReference; fileEncoding = 4; lastKnownFileType = sourcecode.cpp.objcpp; path = POPLayerExtras.mm; sourceTree = "<group>"; };
		C110F2881AC12F4000B4E355 /* POPMath.h */ = {isa = PBXFileReference; fileEncoding = 4; lastKnownFileType = sourcecode.c.h; path = POPMath.h; sourceTree = "<group>"; };
		C110F2891AC12F4000B4E355 /* POPMath.mm */ = {isa = PBXFileReference; fileEncoding = 4; lastKnownFileType = sourcecode.cpp.objcpp; path = POPMath.mm; sourceTree = "<group>"; };
		C110F28A1AC12F4000B4E355 /* POPPropertyAnimation.h */ = {isa = PBXFileReference; fileEncoding = 4; lastKnownFileType = sourcecode.c.h; path = POPPropertyAnimation.h; sourceTree = "<group>"; };
		C110F28B1AC12F4000B4E355 /* POPPropertyAnimation.mm */ = {isa = PBXFileReference; fileEncoding = 4; lastKnownFileType = sourcecode.cpp.objcpp; path = POPPropertyAnimation.mm; sourceTree = "<group>"; };
		C110F28C1AC12F4000B4E355 /* POPPropertyAnimationInternal.h */ = {isa = PBXFileReference; fileEncoding = 4; lastKnownFileType = sourcecode.c.h; path = POPPropertyAnimationInternal.h; sourceTree = "<group>"; };
		C110F28D1AC12F4000B4E355 /* POPSpringAnimation.h */ = {isa = PBXFileReference; fileEncoding = 4; lastKnownFileType = sourcecode.c.h; path = POPSpringAnimation.h; sourceTree = "<group>"; };
		C110F28E1AC12F4000B4E355 /* POPSpringAnimation.mm */ = {isa = PBXFileReference; fileEncoding = 4; lastKnownFileType = sourcecode.cpp.objcpp; path = POPSpringAnimation.mm; sourceTree = "<group>"; };
		C110F28F1AC12F4000B4E355 /* POPSpringAnimationInternal.h */ = {isa = PBXFileReference; fileEncoding = 4; lastKnownFileType = sourcecode.c.h; path = POPSpringAnimationInternal.h; sourceTree = "<group>"; };
		C110F2901AC12F4000B4E355 /* POPSpringSolver.h */ = {isa = PBXFileReference; fileEncoding = 4; lastKnownFileType = sourcecode.c.h; path = POPSpringSolver.h; sourceTree = "<group>"; };
		C110F2911AC12F4000B4E355 /* POPVector.h */ = {isa = PBXFileReference; fileEncoding = 4; lastKnownFileType = sourcecode.c.h; path = POPVector.h; sourceTree = "<group>"; };
		C110F2921AC12F4000B4E355 /* POPVector.mm */ = {isa = PBXFileReference; fileEncoding = 4; lastKnownFileType = sourcecode.cpp.objcpp; path = POPVector.mm; sourceTree = "<group>"; };
		C110F2941AC12F4000B4E355 /* FloatConversion.h */ = {isa = PBXFileReference; fileEncoding = 4; lastKnownFileType = sourcecode.c.h; path = FloatConversion.h; sourceTree = "<group>"; };
		C110F2951AC12F4000B4E355 /* TransformationMatrix.cpp */ = {isa = PBXFileReference; fileEncoding = 4; lastKnownFileType = sourcecode.cpp.cpp; path = TransformationMatrix.cpp; sourceTree = "<group>"; };
		C110F2961AC12F4000B4E355 /* TransformationMatrix.h */ = {isa = PBXFileReference; fileEncoding = 4; lastKnownFileType = sourcecode.c.h; path = TransformationMatrix.h; sourceTree = "<group>"; };
		C110F2971AC12F4000B4E355 /* UnitBezier.h */ = {isa = PBXFileReference; fileEncoding = 4; lastKnownFileType = sourcecode.c.h; path = UnitBezier.h; sourceTree = "<group>"; };
		C110F2C51AC130AA00B4E355 /* PopAnimationClearButton.h */ = {isa = PBXFileReference; fileEncoding = 4; lastKnownFileType = sourcecode.c.h; path = PopAnimationClearButton.h; sourceTree = "<group>"; };
		C110F2C61AC130AA00B4E355 /* PopAnimationClearButton.m */ = {isa = PBXFileReference; fileEncoding = 4; lastKnownFileType = sourcecode.c.objc; path = PopAnimationClearButton.m; sourceTree = "<group>"; };
		C110F2CA1AC233DE00B4E355 /* UIImage+ChangeColor.h */ = {isa = PBXFileReference; fileEncoding = 4; lastKnownFileType = sourcecode.c.h; path = "UIImage+ChangeColor.h"; sourceTree = "<group>"; };
		C110F2CB1AC233DE00B4E355 /* UIImage+ChangeColor.m */ = {isa = PBXFileReference; fileEncoding = 4; lastKnownFileType = sourcecode.c.objc; path = "UIImage+ChangeColor.m"; sourceTree = "<group>"; };
		C12F07741ABF88FD0039EA89 /* ReadToMe.app */ = {isa = PBXFileReference; explicitFileType = wrapper.application; includeInIndex = 0; path = ReadToMe.app; sourceTree = BUILT_PRODUCTS_DIR; };
		C12F07781ABF88FD0039EA89 /* Info.plist */ = {isa = PBXFileReference; lastKnownFileType = text.plist.xml; path = Info.plist; sourceTree = "<group>"; };
		C12F07791ABF88FD0039EA89 /* main.m */ = {isa = PBXFileReference; lastKnownFileType = sourcecode.c.objc; path = main.m; sourceTree = "<group>"; };
		C12F077B1ABF88FD0039EA89 /* AppDelegate.h */ = {isa = PBXFileReference; lastKnownFileType = sourcecode.c.h; path = AppDelegate.h; sourceTree = "<group>"; };
		C12F077C1ABF88FD0039EA89 /* AppDelegate.m */ = {isa = PBXFileReference; lastKnownFileType = sourcecode.c.objc; path = AppDelegate.m; sourceTree = "<group>"; };
		C12F077F1ABF88FD0039EA89 /* ReadToMe.xcdatamodel */ = {isa = PBXFileReference; lastKnownFileType = wrapper.xcdatamodel; path = ReadToMe.xcdatamodel; sourceTree = "<group>"; };
		C12F07811ABF88FD0039EA89 /* ContainerViewController.h */ = {isa = PBXFileReference; lastKnownFileType = sourcecode.c.h; path = ContainerViewController.h; sourceTree = "<group>"; };
		C12F07821ABF88FD0039EA89 /* ContainerViewController.m */ = {isa = PBXFileReference; lastKnownFileType = sourcecode.c.objc; path = ContainerViewController.m; sourceTree = "<group>"; };
		C12F07851ABF88FD0039EA89 /* Base */ = {isa = PBXFileReference; lastKnownFileType = file.storyboard; name = Base; path = Base.lproj/Main.storyboard; sourceTree = "<group>"; };
		C12F07871ABF88FD0039EA89 /* Images.xcassets */ = {isa = PBXFileReference; lastKnownFileType = folder.assetcatalog; path = Images.xcassets; sourceTree = "<group>"; };
		C12F078A1ABF88FD0039EA89 /* Base */ = {isa = PBXFileReference; lastKnownFileType = file.xib; name = Base; path = Base.lproj/LaunchScreen.xib; sourceTree = "<group>"; };
		C12F07901ABF88FD0039EA89 /* ReadToMeTests.xctest */ = {isa = PBXFileReference; explicitFileType = wrapper.cfbundle; includeInIndex = 0; path = ReadToMeTests.xctest; sourceTree = BUILT_PRODUCTS_DIR; };
		C12F07951ABF88FD0039EA89 /* Info.plist */ = {isa = PBXFileReference; lastKnownFileType = text.plist.xml; path = Info.plist; sourceTree = "<group>"; };
		C12F07961ABF88FD0039EA89 /* ReadToMeTests.m */ = {isa = PBXFileReference; lastKnownFileType = sourcecode.c.objc; path = ReadToMeTests.m; sourceTree = "<group>"; };
		C12F07A41ABFB00A0039EA89 /* ReadToMeAction.appex */ = {isa = PBXFileReference; explicitFileType = "wrapper.app-extension"; includeInIndex = 0; path = ReadToMeAction.appex; sourceTree = BUILT_PRODUCTS_DIR; };
		C12F07A71ABFB00A0039EA89 /* Info.plist */ = {isa = PBXFileReference; lastKnownFileType = text.plist.xml; path = Info.plist; sourceTree = "<group>"; };
		C12F07A81ABFB00A0039EA89 /* ActionViewController.h */ = {isa = PBXFileReference; lastKnownFileType = sourcecode.c.h; path = ActionViewController.h; sourceTree = "<group>"; };
		C12F07A91ABFB00A0039EA89 /* ActionViewController.m */ = {isa = PBXFileReference; lastKnownFileType = sourcecode.c.objc; path = ActionViewController.m; sourceTree = "<group>"; };
		C12F07AB1ABFB00A0039EA89 /* MainInterface.storyboard */ = {isa = PBXFileReference; lastKnownFileType = file.storyboard; path = MainInterface.storyboard; sourceTree = "<group>"; };
		C16754971AC3A81E009F4D88 /* PopView.m */ = {isa = PBXFileReference; fileEncoding = 4; lastKnownFileType = sourcecode.c.objc; path = PopView.m; sourceTree = "<group>"; };
		C16754981AC3A81E009F4D88 /* PopView.h */ = {isa = PBXFileReference; fileEncoding = 4; lastKnownFileType = sourcecode.c.h; path = PopView.h; sourceTree = "<group>"; };
		C167549B1AC4EDDD009F4D88 /* LanguagePickerViewController.h */ = {isa = PBXFileReference; fileEncoding = 4; lastKnownFileType = sourcecode.c.h; path = LanguagePickerViewController.h; sourceTree = "<group>"; };
		C167549C1AC4EDDD009F4D88 /* LanguagePickerViewController.m */ = {isa = PBXFileReference; fileEncoding = 4; lastKnownFileType = sourcecode.c.objc; path = LanguagePickerViewController.m; sourceTree = "<group>"; };
		C167549F1AC6AC33009F4D88 /* ListViewController.h */ = {isa = PBXFileReference; fileEncoding = 4; lastKnownFileType = sourcecode.c.h; path = ListViewController.h; sourceTree = "<group>"; };
		C16754A01AC6AC33009F4D88 /* ListViewController.m */ = {isa = PBXFileReference; fileEncoding = 4; lastKnownFileType = sourcecode.c.objc; path = ListViewController.m; sourceTree = "<group>"; };
		C1FB14DE1AC29B5700F24030 /* SettingsViewController.h */ = {isa = PBXFileReference; fileEncoding = 4; lastKnownFileType = sourcecode.c.h; path = SettingsViewController.h; sourceTree = "<group>"; };
		C1FB14DF1AC29B5700F24030 /* SettingsViewController.m */ = {isa = PBXFileReference; fileEncoding = 4; lastKnownFileType = sourcecode.c.objc; path = SettingsViewController.m; sourceTree = "<group>"; };
		C1FB14E21AC2AFD800F24030 /* PopAnimationImageView.h */ = {isa = PBXFileReference; fileEncoding = 4; lastKnownFileType = sourcecode.c.h; path = PopAnimationImageView.h; sourceTree = "<group>"; };
		C1FB14E31AC2AFD800F24030 /* PopAnimationImageView.m */ = {isa = PBXFileReference; fileEncoding = 4; lastKnownFileType = sourcecode.c.objc; path = PopAnimationImageView.m; sourceTree = "<group>"; };
/* End PBXFileReference section */

/* Begin PBXFrameworksBuildPhase section */
		C12F07711ABF88FD0039EA89 /* Frameworks */ = {
			isa = PBXFrameworksBuildPhase;
			buildActionMask = 2147483647;
			files = (
			);
			runOnlyForDeploymentPostprocessing = 0;
		};
		C12F078D1ABF88FD0039EA89 /* Frameworks */ = {
			isa = PBXFrameworksBuildPhase;
			buildActionMask = 2147483647;
			files = (
			);
			runOnlyForDeploymentPostprocessing = 0;
		};
		C12F07A11ABFB00A0039EA89 /* Frameworks */ = {
			isa = PBXFrameworksBuildPhase;
			buildActionMask = 2147483647;
			files = (
			);
			runOnlyForDeploymentPostprocessing = 0;
		};
/* End PBXFrameworksBuildPhase section */

/* Begin PBXGroup section */
		C110F25F1AC12F4000B4E355 /* pop */ = {
			isa = PBXGroup;
			children = (
				C110F2601AC12F4000B4E355 /* InfoPlist.strings */,
				C110F2621AC12F4000B4E355 /* pop-Info.plist */,
				C110F2631AC12F4000B4E355 /* pop-Prefix.pch */,
				C110F2641AC12F4000B4E355 /* POP.h */,
				C110F2651AC12F4000B4E355 /* POPAction.h */,
				C110F2661AC12F4000B4E355 /* POPAnimatableProperty.h */,
				C110F2671AC12F4000B4E355 /* POPAnimatableProperty.mm */,
				C110F2681AC12F4000B4E355 /* POPAnimation.h */,
				C110F2691AC12F4000B4E355 /* POPAnimation.mm */,
				C110F26A1AC12F4000B4E355 /* POPAnimationEvent.h */,
				C110F26B1AC12F4000B4E355 /* POPAnimationEvent.mm */,
				C110F26C1AC12F4000B4E355 /* POPAnimationEventInternal.h */,
				C110F26D1AC12F4000B4E355 /* POPAnimationExtras.h */,
				C110F26E1AC12F4000B4E355 /* POPAnimationExtras.mm */,
				C110F26F1AC12F4000B4E355 /* POPAnimationInternal.h */,
				C110F2701AC12F4000B4E355 /* POPAnimationPrivate.h */,
				C110F2711AC12F4000B4E355 /* POPAnimationRuntime.h */,
				C110F2721AC12F4000B4E355 /* POPAnimationRuntime.mm */,
				C110F2731AC12F4000B4E355 /* POPAnimationTracer.h */,
				C110F2741AC12F4000B4E355 /* POPAnimationTracer.mm */,
				C110F2751AC12F4000B4E355 /* POPAnimationTracerInternal.h */,
				C110F2761AC12F4000B4E355 /* POPAnimator.h */,
				C110F2771AC12F4000B4E355 /* POPAnimator.mm */,
				C110F2781AC12F4000B4E355 /* POPAnimatorPrivate.h */,
				C110F2791AC12F4000B4E355 /* POPBasicAnimation.h */,
				C110F27A1AC12F4000B4E355 /* POPBasicAnimation.mm */,
				C110F27B1AC12F4000B4E355 /* POPBasicAnimationInternal.h */,
				C110F27C1AC12F4000B4E355 /* POPCGUtils.h */,
				C110F27D1AC12F4000B4E355 /* POPCGUtils.mm */,
				C110F27E1AC12F4000B4E355 /* POPCustomAnimation.h */,
				C110F27F1AC12F4000B4E355 /* POPCustomAnimation.mm */,
				C110F2801AC12F4000B4E355 /* POPDecayAnimation.h */,
				C110F2811AC12F4000B4E355 /* POPDecayAnimation.mm */,
				C110F2821AC12F4000B4E355 /* POPDecayAnimationInternal.h */,
				C110F2831AC12F4000B4E355 /* POPDefines.h */,
				C110F2841AC12F4000B4E355 /* POPGeometry.h */,
				C110F2851AC12F4000B4E355 /* POPGeometry.mm */,
				C110F2861AC12F4000B4E355 /* POPLayerExtras.h */,
				C110F2871AC12F4000B4E355 /* POPLayerExtras.mm */,
				C110F2881AC12F4000B4E355 /* POPMath.h */,
				C110F2891AC12F4000B4E355 /* POPMath.mm */,
				C110F28A1AC12F4000B4E355 /* POPPropertyAnimation.h */,
				C110F28B1AC12F4000B4E355 /* POPPropertyAnimation.mm */,
				C110F28C1AC12F4000B4E355 /* POPPropertyAnimationInternal.h */,
				C110F28D1AC12F4000B4E355 /* POPSpringAnimation.h */,
				C110F28E1AC12F4000B4E355 /* POPSpringAnimation.mm */,
				C110F28F1AC12F4000B4E355 /* POPSpringAnimationInternal.h */,
				C110F2901AC12F4000B4E355 /* POPSpringSolver.h */,
				C110F2911AC12F4000B4E355 /* POPVector.h */,
				C110F2921AC12F4000B4E355 /* POPVector.mm */,
				C110F2931AC12F4000B4E355 /* WebCore */,
			);
			path = pop;
			sourceTree = "<group>";
		};
		C110F2931AC12F4000B4E355 /* WebCore */ = {
			isa = PBXGroup;
			children = (
				C110F2941AC12F4000B4E355 /* FloatConversion.h */,
				C110F2951AC12F4000B4E355 /* TransformationMatrix.cpp */,
				C110F2961AC12F4000B4E355 /* TransformationMatrix.h */,
				C110F2971AC12F4000B4E355 /* UnitBezier.h */,
			);
			path = WebCore;
			sourceTree = "<group>";
		};
		C110F2C01AC12F8000B4E355 /* popView */ = {
			isa = PBXGroup;
			children = (
				C16754971AC3A81E009F4D88 /* PopView.m */,
				C16754981AC3A81E009F4D88 /* PopView.h */,
				C110F2C51AC130AA00B4E355 /* PopAnimationClearButton.h */,
				C110F2C61AC130AA00B4E355 /* PopAnimationClearButton.m */,
				C1FB14E21AC2AFD800F24030 /* PopAnimationImageView.h */,
				C1FB14E31AC2AFD800F24030 /* PopAnimationImageView.m */,
			);
			name = popView;
			sourceTree = "<group>";
		};
		C110F2C91AC233BC00B4E355 /* Categories */ = {
			isa = PBXGroup;
			children = (
				C110F2CA1AC233DE00B4E355 /* UIImage+ChangeColor.h */,
				C110F2CB1AC233DE00B4E355 /* UIImage+ChangeColor.m */,
			);
			name = Categories;
			sourceTree = "<group>";
		};
		C12F076B1ABF88FD0039EA89 = {
			isa = PBXGroup;
			children = (
				C12F07A51ABFB00A0039EA89 /* ReadToMeAction */,
				C12F07761ABF88FD0039EA89 /* ReadToMe */,
				C12F07931ABF88FD0039EA89 /* ReadToMeTests */,
				C12F07751ABF88FD0039EA89 /* Products */,
			);
			sourceTree = "<group>";
		};
		C12F07751ABF88FD0039EA89 /* Products */ = {
			isa = PBXGroup;
			children = (
				C12F07741ABF88FD0039EA89 /* ReadToMe.app */,
				C12F07901ABF88FD0039EA89 /* ReadToMeTests.xctest */,
				C12F07A41ABFB00A0039EA89 /* ReadToMeAction.appex */,
			);
			name = Products;
			sourceTree = "<group>";
		};
		C12F07761ABF88FD0039EA89 /* ReadToMe */ = {
			isa = PBXGroup;
			children = (
				C1FB14DD1AC29B2200F24030 /* Data */,
				C1FB14DC1AC29B0B00F24030 /* UI */,
				C1FB14DB1AC29AF300F24030 /* Controllers */,
				C110F2C91AC233BC00B4E355 /* Categories */,
				C110F2C01AC12F8000B4E355 /* popView */,
				C110F25F1AC12F4000B4E355 /* pop */,
				C12F07771ABF88FD0039EA89 /* Supporting Files */,
			);
			path = ReadToMe;
			sourceTree = "<group>";
		};
		C12F07771ABF88FD0039EA89 /* Supporting Files */ = {
			isa = PBXGroup;
			children = (
				C12F07781ABF88FD0039EA89 /* Info.plist */,
				C12F07791ABF88FD0039EA89 /* main.m */,
			);
			name = "Supporting Files";
			sourceTree = "<group>";
		};
		C12F07931ABF88FD0039EA89 /* ReadToMeTests */ = {
			isa = PBXGroup;
			children = (
				C12F07961ABF88FD0039EA89 /* ReadToMeTests.m */,
				C12F07941ABF88FD0039EA89 /* Supporting Files */,
			);
			path = ReadToMeTests;
			sourceTree = "<group>";
		};
		C12F07941ABF88FD0039EA89 /* Supporting Files */ = {
			isa = PBXGroup;
			children = (
				C12F07951ABF88FD0039EA89 /* Info.plist */,
			);
			name = "Supporting Files";
			sourceTree = "<group>";
		};
		C12F07A51ABFB00A0039EA89 /* ReadToMeAction */ = {
			isa = PBXGroup;
			children = (
				C12F07A81ABFB00A0039EA89 /* ActionViewController.h */,
				C12F07A91ABFB00A0039EA89 /* ActionViewController.m */,
				C12F07AB1ABFB00A0039EA89 /* MainInterface.storyboard */,
				C12F07A61ABFB00A0039EA89 /* Supporting Files */,
			);
			path = ReadToMeAction;
			sourceTree = "<group>";
		};
		C12F07A61ABFB00A0039EA89 /* Supporting Files */ = {
			isa = PBXGroup;
			children = (
				C12F07A71ABFB00A0039EA89 /* Info.plist */,
			);
			name = "Supporting Files";
			sourceTree = "<group>";
		};
		C1FB14DB1AC29AF300F24030 /* Controllers */ = {
			isa = PBXGroup;
			children = (
				C12F077B1ABF88FD0039EA89 /* AppDelegate.h */,
				C12F077C1ABF88FD0039EA89 /* AppDelegate.m */,
				C167549F1AC6AC33009F4D88 /* ListViewController.h */,
				C16754A01AC6AC33009F4D88 /* ListViewController.m */,
				C12F07811ABF88FD0039EA89 /* ContainerViewController.h */,
				C12F07821ABF88FD0039EA89 /* ContainerViewController.m */,
				C1FB14DE1AC29B5700F24030 /* SettingsViewController.h */,
				C1FB14DF1AC29B5700F24030 /* SettingsViewController.m */,
				C167549B1AC4EDDD009F4D88 /* LanguagePickerViewController.h */,
				C167549C1AC4EDDD009F4D88 /* LanguagePickerViewController.m */,
			);
			name = Controllers;
			sourceTree = "<group>";
		};
		C1FB14DC1AC29B0B00F24030 /* UI */ = {
			isa = PBXGroup;
			children = (
				C12F07841ABF88FD0039EA89 /* Main.storyboard */,
				C12F07871ABF88FD0039EA89 /* Images.xcassets */,
				C12F07891ABF88FD0039EA89 /* LaunchScreen.xib */,
			);
			name = UI;
			sourceTree = "<group>";
		};
		C1FB14DD1AC29B2200F24030 /* Data */ = {
			isa = PBXGroup;
			children = (
				C12F077E1ABF88FD0039EA89 /* ReadToMe.xcdatamodeld */,
			);
			name = Data;
			sourceTree = "<group>";
		};
/* End PBXGroup section */

/* Begin PBXNativeTarget section */
		C12F07731ABF88FD0039EA89 /* ReadToMe */ = {
			isa = PBXNativeTarget;
			buildConfigurationList = C12F079A1ABF88FD0039EA89 /* Build configuration list for PBXNativeTarget "ReadToMe" */;
			buildPhases = (
				C12F07701ABF88FD0039EA89 /* Sources */,
				C12F07711ABF88FD0039EA89 /* Frameworks */,
				C12F07721ABF88FD0039EA89 /* Resources */,
				C12F07B31ABFB00A0039EA89 /* Embed App Extensions */,
			);
			buildRules = (
			);
			dependencies = (
				C12F07AE1ABFB00A0039EA89 /* PBXTargetDependency */,
			);
			name = ReadToMe;
			productName = ReadToMe;
			productReference = C12F07741ABF88FD0039EA89 /* ReadToMe.app */;
			productType = "com.apple.product-type.application";
		};
		C12F078F1ABF88FD0039EA89 /* ReadToMeTests */ = {
			isa = PBXNativeTarget;
			buildConfigurationList = C12F079D1ABF88FD0039EA89 /* Build configuration list for PBXNativeTarget "ReadToMeTests" */;
			buildPhases = (
				C12F078C1ABF88FD0039EA89 /* Sources */,
				C12F078D1ABF88FD0039EA89 /* Frameworks */,
				C12F078E1ABF88FD0039EA89 /* Resources */,
			);
			buildRules = (
			);
			dependencies = (
				C12F07921ABF88FD0039EA89 /* PBXTargetDependency */,
			);
			name = ReadToMeTests;
			productName = ReadToMeTests;
			productReference = C12F07901ABF88FD0039EA89 /* ReadToMeTests.xctest */;
			productType = "com.apple.product-type.bundle.unit-test";
		};
		C12F07A31ABFB00A0039EA89 /* ReadToMeAction */ = {
			isa = PBXNativeTarget;
			buildConfigurationList = C12F07B01ABFB00A0039EA89 /* Build configuration list for PBXNativeTarget "ReadToMeAction" */;
			buildPhases = (
				C12F07A01ABFB00A0039EA89 /* Sources */,
				C12F07A11ABFB00A0039EA89 /* Frameworks */,
				C12F07A21ABFB00A0039EA89 /* Resources */,
			);
			buildRules = (
			);
			dependencies = (
			);
			name = ReadToMeAction;
			productName = ReadToMeAction;
			productReference = C12F07A41ABFB00A0039EA89 /* ReadToMeAction.appex */;
			productType = "com.apple.product-type.app-extension";
		};
/* End PBXNativeTarget section */

/* Begin PBXProject section */
		C12F076C1ABF88FD0039EA89 /* Project object */ = {
			isa = PBXProject;
			attributes = {
				LastUpgradeCheck = 0620;
				ORGANIZATIONNAME = keicoder;
				TargetAttributes = {
					C12F07731ABF88FD0039EA89 = {
						CreatedOnToolsVersion = 6.2;
					};
					C12F078F1ABF88FD0039EA89 = {
						CreatedOnToolsVersion = 6.2;
						TestTargetID = C12F07731ABF88FD0039EA89;
					};
					C12F07A31ABFB00A0039EA89 = {
						CreatedOnToolsVersion = 6.2;
					};
				};
			};
			buildConfigurationList = C12F076F1ABF88FD0039EA89 /* Build configuration list for PBXProject "ReadToMe" */;
			compatibilityVersion = "Xcode 3.2";
			developmentRegion = English;
			hasScannedForEncodings = 0;
			knownRegions = (
				en,
				Base,
			);
			mainGroup = C12F076B1ABF88FD0039EA89;
			productRefGroup = C12F07751ABF88FD0039EA89 /* Products */;
			projectDirPath = "";
			projectRoot = "";
			targets = (
				C12F07731ABF88FD0039EA89 /* ReadToMe */,
				C12F078F1ABF88FD0039EA89 /* ReadToMeTests */,
				C12F07A31ABFB00A0039EA89 /* ReadToMeAction */,
			);
		};
/* End PBXProject section */

/* Begin PBXResourcesBuildPhase section */
		C12F07721ABF88FD0039EA89 /* Resources */ = {
			isa = PBXResourcesBuildPhase;
			buildActionMask = 2147483647;
			files = (
				C12F07861ABF88FD0039EA89 /* Main.storyboard in Resources */,
				C110F2981AC12F4000B4E355 /* InfoPlist.strings in Resources */,
				C12F078B1ABF88FD0039EA89 /* LaunchScreen.xib in Resources */,
				C110F29A1AC12F4000B4E355 /* pop-Info.plist in Resources */,
				C12F07881ABF88FD0039EA89 /* Images.xcassets in Resources */,
			);
			runOnlyForDeploymentPostprocessing = 0;
		};
		C12F078E1ABF88FD0039EA89 /* Resources */ = {
			isa = PBXResourcesBuildPhase;
			buildActionMask = 2147483647;
			files = (
			);
			runOnlyForDeploymentPostprocessing = 0;
		};
		C12F07A21ABFB00A0039EA89 /* Resources */ = {
			isa = PBXResourcesBuildPhase;
			buildActionMask = 2147483647;
			files = (
				C110F29B1AC12F4000B4E355 /* pop-Info.plist in Resources */,
				C110F25E1AC0F19C00B4E355 /* Images.xcassets in Resources */,
				C110F2991AC12F4000B4E355 /* InfoPlist.strings in Resources */,
				C12F07AC1ABFB00A0039EA89 /* MainInterface.storyboard in Resources */,
			);
			runOnlyForDeploymentPostprocessing = 0;
		};
/* End PBXResourcesBuildPhase section */

/* Begin PBXSourcesBuildPhase section */
		C12F07701ABF88FD0039EA89 /* Sources */ = {
			isa = PBXSourcesBuildPhase;
			buildActionMask = 2147483647;
			files = (
				C110F2B01AC12F4000B4E355 /* POPDecayAnimation.mm in Sources */,
				C110F2CC1AC233DE00B4E355 /* UIImage+ChangeColor.m in Sources */,
				C110F2B61AC12F4000B4E355 /* POPMath.mm in Sources */,
				C1FB14E41AC2AFD800F24030 /* PopAnimationImageView.m in Sources */,
				C110F2B21AC12F4000B4E355 /* POPGeometry.mm in Sources */,
				C110F2B81AC12F4000B4E355 /* POPPropertyAnimation.mm in Sources */,
				C110F2B41AC12F4000B4E355 /* POPLayerExtras.mm in Sources */,
				C110F2BE1AC12F4000B4E355 /* TransformationMatrix.cpp in Sources */,
				C110F29E1AC12F4000B4E355 /* POPAnimation.mm in Sources */,
				C12F077D1ABF88FD0039EA89 /* AppDelegate.m in Sources */,
				C12F077A1ABF88FD0039EA89 /* main.m in Sources */,
				C16754A11AC6AC33009F4D88 /* ListViewController.m in Sources */,
				C110F2A21AC12F4000B4E355 /* POPAnimationExtras.mm in Sources */,
				C16754991AC3A81E009F4D88 /* PopView.m in Sources */,
				C12F07831ABF88FD0039EA89 /* ContainerViewController.m in Sources */,
				C110F2C71AC130AA00B4E355 /* PopAnimationClearButton.m in Sources */,
				C110F2AE1AC12F4000B4E355 /* POPCustomAnimation.mm in Sources */,
				C110F2BA1AC12F4000B4E355 /* POPSpringAnimation.mm in Sources */,
				C110F2AA1AC12F4000B4E355 /* POPBasicAnimation.mm in Sources */,
				C110F2A01AC12F4000B4E355 /* POPAnimationEvent.mm in Sources */,
				C110F2BC1AC12F4000B4E355 /* POPVector.mm in Sources */,
				C110F2A41AC12F4000B4E355 /* POPAnimationRuntime.mm in Sources */,
				C110F2A61AC12F4000B4E355 /* POPAnimationTracer.mm in Sources */,
				C12F07801ABF88FD0039EA89 /* ReadToMe.xcdatamodeld in Sources */,
				C110F2AC1AC12F4000B4E355 /* POPCGUtils.mm in Sources */,
				C1FB14E01AC29B5700F24030 /* SettingsViewController.m in Sources */,
				C110F2A81AC12F4000B4E355 /* POPAnimator.mm in Sources */,
				C167549D1AC4EDDD009F4D88 /* LanguagePickerViewController.m in Sources */,
				C110F29C1AC12F4000B4E355 /* POPAnimatableProperty.mm in Sources */,
			);
			runOnlyForDeploymentPostprocessing = 0;
		};
		C12F078C1ABF88FD0039EA89 /* Sources */ = {
			isa = PBXSourcesBuildPhase;
			buildActionMask = 2147483647;
			files = (
				C12F07971ABF88FD0039EA89 /* ReadToMeTests.m in Sources */,
			);
			runOnlyForDeploymentPostprocessing = 0;
		};
		C12F07A01ABFB00A0039EA89 /* Sources */ = {
			isa = PBXSourcesBuildPhase;
			buildActionMask = 2147483647;
			files = (
				C110F2A91AC12F4000B4E355 /* POPAnimator.mm in Sources */,
				C110F2BB1AC12F4000B4E355 /* POPSpringAnimation.mm in Sources */,
				C167549E1AC4EDDD009F4D88 /* LanguagePickerViewController.m in Sources */,
				C110F2C81AC130AA00B4E355 /* PopAnimationClearButton.m in Sources */,
				C110F29F1AC12F4000B4E355 /* POPAnimation.mm in Sources */,
				C110F2B51AC12F4000B4E355 /* POPLayerExtras.mm in Sources */,
				C110F2B91AC12F4000B4E355 /* POPPropertyAnimation.mm in Sources */,
				C167549A1AC3A81E009F4D88 /* PopView.m in Sources */,
				C110F2BF1AC12F4000B4E355 /* TransformationMatrix.cpp in Sources */,
				C110F2A31AC12F4000B4E355 /* POPAnimationExtras.mm in Sources */,
				C16754A21AC6AC33009F4D88 /* ListViewController.m in Sources */,
				C110F2A71AC12F4000B4E355 /* POPAnimationTracer.mm in Sources */,
				C110F2A11AC12F4000B4E355 /* POPAnimationEvent.mm in Sources */,
				C110F2BD1AC12F4000B4E355 /* POPVector.mm in Sources */,
				C110F2AD1AC12F4000B4E355 /* POPCGUtils.mm in Sources */,
				C110F2AB1AC12F4000B4E355 /* POPBasicAnimation.mm in Sources */,
				C110F2B31AC12F4000B4E355 /* POPGeometry.mm in Sources */,
				C110F2A51AC12F4000B4E355 /* POPAnimationRuntime.mm in Sources */,
				C110F2B71AC12F4000B4E355 /* POPMath.mm in Sources */,
				C110F2AF1AC12F4000B4E355 /* POPCustomAnimation.mm in Sources */,
				C110F2B11AC12F4000B4E355 /* POPDecayAnimation.mm in Sources */,
				C110F29D1AC12F4000B4E355 /* POPAnimatableProperty.mm in Sources */,
				C1FB14E11AC29B5700F24030 /* SettingsViewController.m in Sources */,
				C110F2CD1AC233DE00B4E355 /* UIImage+ChangeColor.m in Sources */,
				C12F07AA1ABFB00A0039EA89 /* ActionViewController.m in Sources */,
				C1FB14E51AC2AFD800F24030 /* PopAnimationImageView.m in Sources */,
			);
			runOnlyForDeploymentPostprocessing = 0;
		};
/* End PBXSourcesBuildPhase section */

/* Begin PBXTargetDependency section */
		C12F07921ABF88FD0039EA89 /* PBXTargetDependency */ = {
			isa = PBXTargetDependency;
			target = C12F07731ABF88FD0039EA89 /* ReadToMe */;
			targetProxy = C12F07911ABF88FD0039EA89 /* PBXContainerItemProxy */;
		};
		C12F07AE1ABFB00A0039EA89 /* PBXTargetDependency */ = {
			isa = PBXTargetDependency;
			target = C12F07A31ABFB00A0039EA89 /* ReadToMeAction */;
			targetProxy = C12F07AD1ABFB00A0039EA89 /* PBXContainerItemProxy */;
		};
/* End PBXTargetDependency section */

/* Begin PBXVariantGroup section */
		C110F2601AC12F4000B4E355 /* InfoPlist.strings */ = {
			isa = PBXVariantGroup;
			children = (
				C110F2611AC12F4000B4E355 /* en */,
			);
			name = InfoPlist.strings;
			sourceTree = "<group>";
		};
		C12F07841ABF88FD0039EA89 /* Main.storyboard */ = {
			isa = PBXVariantGroup;
			children = (
				C12F07851ABF88FD0039EA89 /* Base */,
			);
			name = Main.storyboard;
			sourceTree = "<group>";
		};
		C12F07891ABF88FD0039EA89 /* LaunchScreen.xib */ = {
			isa = PBXVariantGroup;
			children = (
				C12F078A1ABF88FD0039EA89 /* Base */,
			);
			name = LaunchScreen.xib;
			sourceTree = "<group>";
		};
/* End PBXVariantGroup section */

/* Begin XCBuildConfiguration section */
		C12F07981ABF88FD0039EA89 /* Debug */ = {
			isa = XCBuildConfiguration;
			buildSettings = {
				ALWAYS_SEARCH_USER_PATHS = NO;
				CLANG_CXX_LANGUAGE_STANDARD = "gnu++0x";
				CLANG_CXX_LIBRARY = "libc++";
				CLANG_ENABLE_MODULES = YES;
				CLANG_ENABLE_OBJC_ARC = YES;
				CLANG_WARN_BOOL_CONVERSION = YES;
				CLANG_WARN_CONSTANT_CONVERSION = YES;
				CLANG_WARN_DIRECT_OBJC_ISA_USAGE = YES_ERROR;
				CLANG_WARN_EMPTY_BODY = YES;
				CLANG_WARN_ENUM_CONVERSION = YES;
				CLANG_WARN_INT_CONVERSION = YES;
				CLANG_WARN_OBJC_ROOT_CLASS = YES_ERROR;
				CLANG_WARN_UNREACHABLE_CODE = YES;
				CLANG_WARN__DUPLICATE_METHOD_MATCH = YES;
				"CODE_SIGN_IDENTITY[sdk=iphoneos*]" = "iPhone Developer";
				COPY_PHASE_STRIP = NO;
				ENABLE_STRICT_OBJC_MSGSEND = YES;
				GCC_C_LANGUAGE_STANDARD = gnu99;
				GCC_DYNAMIC_NO_PIC = NO;
				GCC_OPTIMIZATION_LEVEL = 0;
				GCC_PREPROCESSOR_DEFINITIONS = (
					"DEBUG=1",
					"$(inherited)",
				);
				GCC_SYMBOLS_PRIVATE_EXTERN = NO;
				GCC_WARN_64_TO_32_BIT_CONVERSION = YES;
				GCC_WARN_ABOUT_RETURN_TYPE = YES_ERROR;
				GCC_WARN_UNDECLARED_SELECTOR = YES;
				GCC_WARN_UNINITIALIZED_AUTOS = YES_AGGRESSIVE;
				GCC_WARN_UNUSED_FUNCTION = YES;
				GCC_WARN_UNUSED_VARIABLE = YES;
				IPHONEOS_DEPLOYMENT_TARGET = 8.1;
				MTL_ENABLE_DEBUG_INFO = YES;
				ONLY_ACTIVE_ARCH = YES;
				SDKROOT = iphoneos;
				TARGETED_DEVICE_FAMILY = "1,2";
			};
			name = Debug;
		};
		C12F07991ABF88FD0039EA89 /* Release */ = {
			isa = XCBuildConfiguration;
			buildSettings = {
				ALWAYS_SEARCH_USER_PATHS = NO;
				CLANG_CXX_LANGUAGE_STANDARD = "gnu++0x";
				CLANG_CXX_LIBRARY = "libc++";
				CLANG_ENABLE_MODULES = YES;
				CLANG_ENABLE_OBJC_ARC = YES;
				CLANG_WARN_BOOL_CONVERSION = YES;
				CLANG_WARN_CONSTANT_CONVERSION = YES;
				CLANG_WARN_DIRECT_OBJC_ISA_USAGE = YES_ERROR;
				CLANG_WARN_EMPTY_BODY = YES;
				CLANG_WARN_ENUM_CONVERSION = YES;
				CLANG_WARN_INT_CONVERSION = YES;
				CLANG_WARN_OBJC_ROOT_CLASS = YES_ERROR;
				CLANG_WARN_UNREACHABLE_CODE = YES;
				CLANG_WARN__DUPLICATE_METHOD_MATCH = YES;
				"CODE_SIGN_IDENTITY[sdk=iphoneos*]" = "iPhone Developer";
				COPY_PHASE_STRIP = NO;
				ENABLE_NS_ASSERTIONS = NO;
				ENABLE_STRICT_OBJC_MSGSEND = YES;
				GCC_C_LANGUAGE_STANDARD = gnu99;
				GCC_WARN_64_TO_32_BIT_CONVERSION = YES;
				GCC_WARN_ABOUT_RETURN_TYPE = YES_ERROR;
				GCC_WARN_UNDECLARED_SELECTOR = YES;
				GCC_WARN_UNINITIALIZED_AUTOS = YES_AGGRESSIVE;
				GCC_WARN_UNUSED_FUNCTION = YES;
				GCC_WARN_UNUSED_VARIABLE = YES;
				IPHONEOS_DEPLOYMENT_TARGET = 8.1;
				MTL_ENABLE_DEBUG_INFO = NO;
				SDKROOT = iphoneos;
				TARGETED_DEVICE_FAMILY = "1,2";
				VALIDATE_PRODUCT = YES;
			};
			name = Release;
		};
		C12F079B1ABF88FD0039EA89 /* Debug */ = {
			isa = XCBuildConfiguration;
			buildSettings = {
				ASSETCATALOG_COMPILER_APPICON_NAME = AppIcon;
				INFOPLIST_FILE = ReadToMe/Info.plist;
				IPHONEOS_DEPLOYMENT_TARGET = 8.1;
				LD_RUNPATH_SEARCH_PATHS = "$(inherited) @executable_path/Frameworks";
				PRODUCT_NAME = "$(TARGET_NAME)";
			};
			name = Debug;
		};
		C12F079C1ABF88FD0039EA89 /* Release */ = {
			isa = XCBuildConfiguration;
			buildSettings = {
				ASSETCATALOG_COMPILER_APPICON_NAME = AppIcon;
				INFOPLIST_FILE = ReadToMe/Info.plist;
				IPHONEOS_DEPLOYMENT_TARGET = 8.1;
				LD_RUNPATH_SEARCH_PATHS = "$(inherited) @executable_path/Frameworks";
				PRODUCT_NAME = "$(TARGET_NAME)";
			};
			name = Release;
		};
		C12F079E1ABF88FD0039EA89 /* Debug */ = {
			isa = XCBuildConfiguration;
			buildSettings = {
				BUNDLE_LOADER = "$(TEST_HOST)";
				FRAMEWORK_SEARCH_PATHS = (
					"$(SDKROOT)/Developer/Library/Frameworks",
					"$(inherited)",
				);
				GCC_PREPROCESSOR_DEFINITIONS = (
					"DEBUG=1",
					"$(inherited)",
				);
				INFOPLIST_FILE = ReadToMeTests/Info.plist;
				LD_RUNPATH_SEARCH_PATHS = "$(inherited) @executable_path/Frameworks @loader_path/Frameworks";
				PRODUCT_NAME = "$(TARGET_NAME)";
				TEST_HOST = "$(BUILT_PRODUCTS_DIR)/ReadToMe.app/ReadToMe";
			};
			name = Debug;
		};
		C12F079F1ABF88FD0039EA89 /* Release */ = {
			isa = XCBuildConfiguration;
			buildSettings = {
				BUNDLE_LOADER = "$(TEST_HOST)";
				FRAMEWORK_SEARCH_PATHS = (
					"$(SDKROOT)/Developer/Library/Frameworks",
					"$(inherited)",
				);
				INFOPLIST_FILE = ReadToMeTests/Info.plist;
				LD_RUNPATH_SEARCH_PATHS = "$(inherited) @executable_path/Frameworks @loader_path/Frameworks";
				PRODUCT_NAME = "$(TARGET_NAME)";
				TEST_HOST = "$(BUILT_PRODUCTS_DIR)/ReadToMe.app/ReadToMe";
			};
			name = Release;
		};
		C12F07B11ABFB00A0039EA89 /* Debug */ = {
			isa = XCBuildConfiguration;
			buildSettings = {
				ASSETCATALOG_COMPILER_APPICON_NAME = "AppIcon-2";
				ASSETCATALOG_COMPILER_LAUNCHIMAGE_NAME = LaunchImage;
				GCC_PREPROCESSOR_DEFINITIONS = (
					"DEBUG=1",
					"$(inherited)",
				);
				INFOPLIST_FILE = ReadToMeAction/Info.plist;
				IPHONEOS_DEPLOYMENT_TARGET = 8.1;
				LD_RUNPATH_SEARCH_PATHS = "$(inherited) @executable_path/Frameworks @executable_path/../../Frameworks";
				PRODUCT_NAME = "$(TARGET_NAME)";
				SKIP_INSTALL = YES;
			};
			name = Debug;
		};
		C12F07B21ABFB00A0039EA89 /* Release */ = {
			isa = XCBuildConfiguration;
			buildSettings = {
				ASSETCATALOG_COMPILER_APPICON_NAME = "AppIcon-2";
				ASSETCATALOG_COMPILER_LAUNCHIMAGE_NAME = LaunchImage;
				INFOPLIST_FILE = ReadToMeAction/Info.plist;
				IPHONEOS_DEPLOYMENT_TARGET = 8.1;
				LD_RUNPATH_SEARCH_PATHS = "$(inherited) @executable_path/Frameworks @executable_path/../../Frameworks";
				PRODUCT_NAME = "$(TARGET_NAME)";
				SKIP_INSTALL = YES;
			};
			name = Release;
		};
/* End XCBuildConfiguration section */

/* Begin XCConfigurationList section */
		C12F076F1ABF88FD0039EA89 /* Build configuration list for PBXProject "ReadToMe" */ = {
			isa = XCConfigurationList;
			buildConfigurations = (
				C12F07981ABF88FD0039EA89 /* Debug */,
				C12F07991ABF88FD0039EA89 /* Release */,
			);
			defaultConfigurationIsVisible = 0;
			defaultConfigurationName = Release;
		};
		C12F079A1ABF88FD0039EA89 /* Build configuration list for PBXNativeTarget "ReadToMe" */ = {
			isa = XCConfigurationList;
			buildConfigurations = (
				C12F079B1ABF88FD0039EA89 /* Debug */,
				C12F079C1ABF88FD0039EA89 /* Release */,
			);
			defaultConfigurationIsVisible = 0;
			defaultConfigurationName = Release;
		};
		C12F079D1ABF88FD0039EA89 /* Build configuration list for PBXNativeTarget "ReadToMeTests" */ = {
			isa = XCConfigurationList;
			buildConfigurations = (
				C12F079E1ABF88FD0039EA89 /* Debug */,
				C12F079F1ABF88FD0039EA89 /* Release */,
			);
			defaultConfigurationIsVisible = 0;
			defaultConfigurationName = Release;
		};
		C12F07B01ABFB00A0039EA89 /* Build configuration list for PBXNativeTarget "ReadToMeAction" */ = {
			isa = XCConfigurationList;
			buildConfigurations = (
				C12F07B11ABFB00A0039EA89 /* Debug */,
				C12F07B21ABFB00A0039EA89 /* Release */,
			);
			defaultConfigurationIsVisible = 0;
			defaultConfigurationName = Release;
		};
/* End XCConfigurationList section */

/* Begin XCVersionGroup section */
		C12F077E1ABF88FD0039EA89 /* ReadToMe.xcdatamodeld */ = {
			isa = XCVersionGroup;
			children = (
				C12F077F1ABF88FD0039EA89 /* ReadToMe.xcdatamodel */,
			);
			currentVersion = C12F077F1ABF88FD0039EA89 /* ReadToMe.xcdatamodel */;
			path = ReadToMe.xcdatamodeld;
			sourceTree = "<group>";
			versionGroupType = wrapper.xcdatamodel;
		};
/* End XCVersionGroup section */
	};
	rootObject = C12F076C1ABF88FD0039EA89 /* Project object */;
}
